
Microsoft Visual Studio Solution File, Format Version 12.00
# Visual Studio 2013
VisualStudioVersion = 12.0.30723.0
MinimumVisualStudioVersion = 10.0.40219.1
Project("{FAE04EC0-301F-11D3-BF4B-00C04F79EFBC}") = "DeveloperPortalWeb", "DeveloperPortalWeb\DeveloperPortalWeb.csproj", "{B622808A-5FE0-4128-BA13-8DCE3D192149}"
EndProject
Project("{FAE04EC0-301F-11D3-BF4B-00C04F79EFBC}") = "DeveloperPortalCommon", "DeveloperPortalCommon\DeveloperPortalCommon.csproj", "{48857229-CBED-4C60-8A90-7F0B61EB4300}"
EndProject
Global
	GlobalSection(TeamFoundationVersionControl) = preSolution
		SccNumberOfProjects = 3
		SccEnterpriseProvider = {4CA58AB2-18FA-4F8D-95D4-32DDF27D184C}
		SccTeamFoundationServer = http://corptfs02.ucn.net:8080/tfs/defaultcollection
		SccLocalPath0 = .
		SccProjectUniqueName1 = DeveloperPortalWeb\\DeveloperPortalWeb.csproj
		SccProjectName1 = DeveloperPortalWeb
		SccLocalPath1 = DeveloperPortalWeb
		SccProjectUniqueName2 = DeveloperPortalCommon\\DeveloperPortalCommon.csproj
		SccProjectName2 = DeveloperPortalCommon
		SccLocalPath2 = DeveloperPortalCommon
	EndGlobalSection
	GlobalSection(SolutionConfigurationPlatforms) = preSolution
		Debug|Any CPU = Debug|Any CPU
		Release|Any CPU = Release|Any CPU
	EndGlobalSection
	GlobalSection(ProjectConfigurationPlatforms) = postSolution
		{B622808A-5FE0-4128-BA13-8DCE3D192149}.Debug|Any CPU.ActiveCfg = Debug|Any CPU
		{B622808A-5FE0-4128-BA13-8DCE3D192149}.Debug|Any CPU.Build.0 = Debug|Any CPU
		{B622808A-5FE0-4128-BA13-8DCE3D192149}.Release|Any CPU.ActiveCfg = Release|Any CPU
		{B622808A-5FE0-4128-BA13-8DCE3D192149}.Release|Any CPU.Build.0 = Release|Any CPU
		{48857229-CBED-4C60-8A90-7F0B61EB4300}.Debug|Any CPU.ActiveCfg = Debug|Any CPU
		{48857229-CBED-4C60-8A90-7F0B61EB4300}.Debug|Any CPU.Build.0 = Debug|Any CPU
		{48857229-CBED-4C60-8A90-7F0B61EB4300}.Release|Any CPU.ActiveCfg = Release|Any CPU
		{48857229-CBED-4C60-8A90-7F0B61EB4300}.Release|Any CPU.Build.0 = Release|Any CPU
	EndGlobalSection
	GlobalSection(SolutionProperties) = preSolution
		HideSolutionNode = FALSE
	EndGlobalSection
EndGlobal
